
Microsoft Visual Studio Solution File, Format Version 12.00
# Visual Studio Version 16
VisualStudioVersion = 16.0.29613.14
MinimumVisualStudioVersion = 10.0.40219.1
Project("{FAE04EC0-301F-11D3-BF4B-00C04F79EFBC}") = "WpfBallon", "WpfBallon\WpfBallon.csproj", "{707FAA13-F3B2-487F-A23B-2A95F991AC00}"
EndProject
Global
	GlobalSection(SolutionConfigurationPlatforms) = preSolution
		Debug|Any CPU = Debug|Any CPU
		Release|Any CPU = Release|Any CPU
	EndGlobalSection
	GlobalSection(ProjectConfigurationPlatforms) = postSolution
		{707FAA13-F3B2-487F-A23B-2A95F991AC00}.Debug|Any CPU.ActiveCfg = Debug|Any CPU
		{707FAA13-F3B2-487F-A23B-2A95F991AC00}.Debug|Any CPU.Build.0 = Debug|Any CPU
		{707FAA13-F3B2-487F-A23B-2A95F991AC00}.Release|Any CPU.ActiveCfg = Release|Any CPU
		{707FAA13-F3B2-487F-A23B-2A95F991AC00}.Release|Any CPU.Build.0 = Release|Any CPU
	EndGlobalSection
	GlobalSection(SolutionProperties) = preSolution
		HideSolutionNode = FALSE
	EndGlobalSection
	GlobalSection(ExtensibilityGlobals) = postSolution
		SolutionGuid = {29ED5BF5-5825-40D3-A9C5-76B6DE5F3C29}
	EndGlobalSection
EndGlobal
